// !$*UTF8*$!
{
	archiveVersion = 1;
	classes = {
	};
	objectVersion = 50;
	objects = {

/* Begin PBXBuildFile section */
		419CBBA823CFF07400838783 /* Intents.intentdefinition in Sources */ = {isa = PBXBuildFile; fileRef = 419CBBA723CFF07400838783 /* Intents.intentdefinition */; };
		BA44EC4123883827007F247A /* ViewController+Extensions.swift in Sources */ = {isa = PBXBuildFile; fileRef = BA44EC4023883827007F247A /* ViewController+Extensions.swift */; };
		BA44EC44238847D3007F247A /* Rates.swift in Sources */ = {isa = PBXBuildFile; fileRef = BA44EC43238847D3007F247A /* Rates.swift */; };
		BA44EC4623884A4E007F247A /* Constants.swift in Sources */ = {isa = PBXBuildFile; fileRef = BA44EC4523884A4E007F247A /* Constants.swift */; };
		BA44EC4923884B37007F247A /* ConverterRepository.swift in Sources */ = {isa = PBXBuildFile; fileRef = BA44EC4823884B37007F247A /* ConverterRepository.swift */; };
		BA44EC4B23884B79007F247A /* RatesResponse.swift in Sources */ = {isa = PBXBuildFile; fileRef = BA44EC4A23884B79007F247A /* RatesResponse.swift */; };
		BA44EC4D23884DFA007F247A /* Date+Extensions.swift in Sources */ = {isa = PBXBuildFile; fileRef = BA44EC4C23884DFA007F247A /* Date+Extensions.swift */; };
		BA44EC4F23884ED8007F247A /* Errors.swift in Sources */ = {isa = PBXBuildFile; fileRef = BA44EC4E23884ED8007F247A /* Errors.swift */; };
		BA44EC5223885A02007F247A /* CurrencyConverterPresenter.swift in Sources */ = {isa = PBXBuildFile; fileRef = BA44EC5123885A02007F247A /* CurrencyConverterPresenter.swift */; };
		BA44EC5423885A82007F247A /* CurrencyConvernterViewController.swift in Sources */ = {isa = PBXBuildFile; fileRef = BA44EC5323885A82007F247A /* CurrencyConvernterViewController.swift */; };
		BA5677F423882E00009ACD44 /* AppDelegate.swift in Sources */ = {isa = PBXBuildFile; fileRef = BA5677F323882E00009ACD44 /* AppDelegate.swift */; };
		BA5677F823882E00009ACD44 /* BaseViewController.swift in Sources */ = {isa = PBXBuildFile; fileRef = BA5677F723882E00009ACD44 /* BaseViewController.swift */; };
		BA5677FE23882E00009ACD44 /* CurrencyConverter.xcdatamodeld in Sources */ = {isa = PBXBuildFile; fileRef = BA5677FC23882E00009ACD44 /* CurrencyConverter.xcdatamodeld */; };
		BA56780023882E04009ACD44 /* Assets.xcassets in Resources */ = {isa = PBXBuildFile; fileRef = BA5677FF23882E04009ACD44 /* Assets.xcassets */; };
		BA56780323882E04009ACD44 /* LaunchScreen.storyboard in Resources */ = {isa = PBXBuildFile; fileRef = BA56780123882E04009ACD44 /* LaunchScreen.storyboard */; };
		BA56780E23882E04009ACD44 /* RatesResponseTests.swift in Sources */ = {isa = PBXBuildFile; fileRef = BA56780D23882E04009ACD44 /* RatesResponseTests.swift */; };
		BADB8B19238968830084B841 /* CurrencyConverterView.swift in Sources */ = {isa = PBXBuildFile; fileRef = BADB8B18238968830084B841 /* CurrencyConverterView.swift */; };
		BADB8B1B238969A30084B841 /* Localizable.strings in Resources */ = {isa = PBXBuildFile; fileRef = BADB8B1A238969A30084B841 /* Localizable.strings */; };
		BADB8B242389736C0084B841 /* ArrayExtension.swift in Sources */ = {isa = PBXBuildFile; fileRef = BADB8B1F2389736B0084B841 /* ArrayExtension.swift */; };
		BADB8B252389736C0084B841 /* DataEntry.swift in Sources */ = {isa = PBXBuildFile; fileRef = BADB8B202389736B0084B841 /* DataEntry.swift */; };
		BADB8B262389736C0084B841 /* UIBezierPathExtension.swift in Sources */ = {isa = PBXBuildFile; fileRef = BADB8B212389736C0084B841 /* UIBezierPathExtension.swift */; };
		BADB8B272389736C0084B841 /* CustomSegments.swift in Sources */ = {isa = PBXBuildFile; fileRef = BADB8B222389736C0084B841 /* CustomSegments.swift */; };
		BADB8B282389736C0084B841 /* CALayerExtension.swift in Sources */ = {isa = PBXBuildFile; fileRef = BADB8B232389736C0084B841 /* CALayerExtension.swift */; };
		BADB8B2D238973820084B841 /* BeautifulBarChartPresenter.swift in Sources */ = {isa = PBXBuildFile; fileRef = BADB8B2A238973820084B841 /* BeautifulBarChartPresenter.swift */; };
		BADB8B2E238973820084B841 /* BeautifulBarEntry.swift in Sources */ = {isa = PBXBuildFile; fileRef = BADB8B2B238973820084B841 /* BeautifulBarEntry.swift */; };
		BADB8B2F238973820084B841 /* BeautifulBarChart.swift in Sources */ = {isa = PBXBuildFile; fileRef = BADB8B2C238973820084B841 /* BeautifulBarChart.swift */; };
		BADB8B34238973970084B841 /* BasicBarChartPresenter.swift in Sources */ = {isa = PBXBuildFile; fileRef = BADB8B31238973970084B841 /* BasicBarChartPresenter.swift */; };
		BADB8B35238973970084B841 /* BasicBarEntry.swift in Sources */ = {isa = PBXBuildFile; fileRef = BADB8B32238973970084B841 /* BasicBarEntry.swift */; };
		BADB8B36238973970084B841 /* BasicBarChart.swift in Sources */ = {isa = PBXBuildFile; fileRef = BADB8B33238973970084B841 /* BasicBarChart.swift */; };
		BADB8B38238973A20084B841 /* LICENSE in Resources */ = {isa = PBXBuildFile; fileRef = BADB8B37238973A20084B841 /* LICENSE */; };
		BADB8B3B2389983E0084B841 /* rates.json in Resources */ = {isa = PBXBuildFile; fileRef = BADB8B3A2389983E0084B841 /* rates.json */; };
		BADB8B3D23899F3F0084B841 /* ConverterRepositoryTests.swift in Sources */ = {isa = PBXBuildFile; fileRef = BADB8B3C23899F3F0084B841 /* ConverterRepositoryTests.swift */; };
		BADB8B3F2389A1C10084B841 /* CurrencyConverterPresenterTest.swift in Sources */ = {isa = PBXBuildFile; fileRef = BADB8B3E2389A1C10084B841 /* CurrencyConverterPresenterTest.swift */; };
		BADB8B422389A2500084B841 /* MockCurrencyConverterPresenterDelegate.swift in Sources */ = {isa = PBXBuildFile; fileRef = BADB8B412389A2500084B841 /* MockCurrencyConverterPresenterDelegate.swift */; };
		BADB8B442389A5D40084B841 /* CurrencyRate.swift in Sources */ = {isa = PBXBuildFile; fileRef = BADB8B432389A5D40084B841 /* CurrencyRate.swift */; };
/* End PBXBuildFile section */

/* Begin PBXContainerItemProxy section */
		BA56780A23882E04009ACD44 /* PBXContainerItemProxy */ = {
			isa = PBXContainerItemProxy;
			containerPortal = BA5677E823882E00009ACD44 /* Project object */;
			proxyType = 1;
			remoteGlobalIDString = BA5677EF23882E00009ACD44;
			remoteInfo = CurrencyConverter;
		};
/* End PBXContainerItemProxy section */

/* Begin PBXFileReference section */
		419CBBA023CFEF4B00838783 /* CurrencyConverter.entitlements */ = {isa = PBXFileReference; lastKnownFileType = text.plist.entitlements; path = CurrencyConverter.entitlements; sourceTree = "<group>"; };
		419CBBA223CFF00F00838783 /* Intents.framework */ = {isa = PBXFileReference; lastKnownFileType = wrapper.framework; name = Intents.framework; path = System/Library/Frameworks/Intents.framework; sourceTree = SDKROOT; };
		419CBBA323CFF00F00838783 /* IntentsUI.framework */ = {isa = PBXFileReference; lastKnownFileType = wrapper.framework; name = IntentsUI.framework; path = System/Library/Frameworks/IntentsUI.framework; sourceTree = SDKROOT; };
		419CBBA723CFF07400838783 /* Intents.intentdefinition */ = {isa = PBXFileReference; lastKnownFileType = file.intentdefinition; path = Intents.intentdefinition; sourceTree = "<group>"; };
		BA44EC4023883827007F247A /* ViewController+Extensions.swift */ = {isa = PBXFileReference; lastKnownFileType = sourcecode.swift; path = "ViewController+Extensions.swift"; sourceTree = "<group>"; };
		BA44EC43238847D3007F247A /* Rates.swift */ = {isa = PBXFileReference; lastKnownFileType = sourcecode.swift; path = Rates.swift; sourceTree = "<group>"; };
		BA44EC4523884A4E007F247A /* Constants.swift */ = {isa = PBXFileReference; lastKnownFileType = sourcecode.swift; path = Constants.swift; sourceTree = "<group>"; };
		BA44EC4823884B37007F247A /* ConverterRepository.swift */ = {isa = PBXFileReference; lastKnownFileType = sourcecode.swift; path = ConverterRepository.swift; sourceTree = "<group>"; };
		BA44EC4A23884B79007F247A /* RatesResponse.swift */ = {isa = PBXFileReference; lastKnownFileType = sourcecode.swift; path = RatesResponse.swift; sourceTree = "<group>"; };
		BA44EC4C23884DFA007F247A /* Date+Extensions.swift */ = {isa = PBXFileReference; lastKnownFileType = sourcecode.swift; path = "Date+Extensions.swift"; sourceTree = "<group>"; };
		BA44EC4E23884ED8007F247A /* Errors.swift */ = {isa = PBXFileReference; lastKnownFileType = sourcecode.swift; path = Errors.swift; sourceTree = "<group>"; };
		BA44EC5123885A02007F247A /* CurrencyConverterPresenter.swift */ = {isa = PBXFileReference; lastKnownFileType = sourcecode.swift; path = CurrencyConverterPresenter.swift; sourceTree = "<group>"; };
		BA44EC5323885A82007F247A /* CurrencyConvernterViewController.swift */ = {isa = PBXFileReference; lastKnownFileType = sourcecode.swift; path = CurrencyConvernterViewController.swift; sourceTree = "<group>"; };
		BA5677F023882E00009ACD44 /* CurrencyConverter.app */ = {isa = PBXFileReference; explicitFileType = wrapper.application; includeInIndex = 0; path = CurrencyConverter.app; sourceTree = BUILT_PRODUCTS_DIR; };
		BA5677F323882E00009ACD44 /* AppDelegate.swift */ = {isa = PBXFileReference; lastKnownFileType = sourcecode.swift; path = AppDelegate.swift; sourceTree = "<group>"; };
		BA5677F723882E00009ACD44 /* BaseViewController.swift */ = {isa = PBXFileReference; lastKnownFileType = sourcecode.swift; path = BaseViewController.swift; sourceTree = "<group>"; };
		BA5677FD23882E00009ACD44 /* CurrencyConverter.xcdatamodel */ = {isa = PBXFileReference; lastKnownFileType = wrapper.xcdatamodel; path = CurrencyConverter.xcdatamodel; sourceTree = "<group>"; };
		BA5677FF23882E04009ACD44 /* Assets.xcassets */ = {isa = PBXFileReference; lastKnownFileType = folder.assetcatalog; path = Assets.xcassets; sourceTree = "<group>"; };
		BA56780223882E04009ACD44 /* Base */ = {isa = PBXFileReference; lastKnownFileType = file.storyboard; name = Base; path = Base.lproj/LaunchScreen.storyboard; sourceTree = "<group>"; };
		BA56780423882E04009ACD44 /* Info.plist */ = {isa = PBXFileReference; lastKnownFileType = text.plist.xml; path = Info.plist; sourceTree = "<group>"; };
		BA56780923882E04009ACD44 /* CurrencyConverterTests.xctest */ = {isa = PBXFileReference; explicitFileType = wrapper.cfbundle; includeInIndex = 0; path = CurrencyConverterTests.xctest; sourceTree = BUILT_PRODUCTS_DIR; };
		BA56780D23882E04009ACD44 /* RatesResponseTests.swift */ = {isa = PBXFileReference; lastKnownFileType = sourcecode.swift; path = RatesResponseTests.swift; sourceTree = "<group>"; };
		BA56780F23882E04009ACD44 /* Info.plist */ = {isa = PBXFileReference; lastKnownFileType = text.plist.xml; path = Info.plist; sourceTree = "<group>"; };
		BADB8B18238968830084B841 /* CurrencyConverterView.swift */ = {isa = PBXFileReference; lastKnownFileType = sourcecode.swift; path = CurrencyConverterView.swift; sourceTree = "<group>"; };
		BADB8B1A238969A30084B841 /* Localizable.strings */ = {isa = PBXFileReference; lastKnownFileType = text.plist.strings; path = Localizable.strings; sourceTree = "<group>"; };
		BADB8B1F2389736B0084B841 /* ArrayExtension.swift */ = {isa = PBXFileReference; fileEncoding = 4; lastKnownFileType = sourcecode.swift; path = ArrayExtension.swift; sourceTree = "<group>"; };
		BADB8B202389736B0084B841 /* DataEntry.swift */ = {isa = PBXFileReference; fileEncoding = 4; lastKnownFileType = sourcecode.swift; path = DataEntry.swift; sourceTree = "<group>"; };
		BADB8B212389736C0084B841 /* UIBezierPathExtension.swift */ = {isa = PBXFileReference; fileEncoding = 4; lastKnownFileType = sourcecode.swift; path = UIBezierPathExtension.swift; sourceTree = "<group>"; };
		BADB8B222389736C0084B841 /* CustomSegments.swift */ = {isa = PBXFileReference; fileEncoding = 4; lastKnownFileType = sourcecode.swift; path = CustomSegments.swift; sourceTree = "<group>"; };
		BADB8B232389736C0084B841 /* CALayerExtension.swift */ = {isa = PBXFileReference; fileEncoding = 4; lastKnownFileType = sourcecode.swift; path = CALayerExtension.swift; sourceTree = "<group>"; };
		BADB8B2A238973820084B841 /* BeautifulBarChartPresenter.swift */ = {isa = PBXFileReference; fileEncoding = 4; lastKnownFileType = sourcecode.swift; path = BeautifulBarChartPresenter.swift; sourceTree = "<group>"; };
		BADB8B2B238973820084B841 /* BeautifulBarEntry.swift */ = {isa = PBXFileReference; fileEncoding = 4; lastKnownFileType = sourcecode.swift; path = BeautifulBarEntry.swift; sourceTree = "<group>"; };
		BADB8B2C238973820084B841 /* BeautifulBarChart.swift */ = {isa = PBXFileReference; fileEncoding = 4; lastKnownFileType = sourcecode.swift; path = BeautifulBarChart.swift; sourceTree = "<group>"; };
		BADB8B31238973970084B841 /* BasicBarChartPresenter.swift */ = {isa = PBXFileReference; fileEncoding = 4; lastKnownFileType = sourcecode.swift; path = BasicBarChartPresenter.swift; sourceTree = "<group>"; };
		BADB8B32238973970084B841 /* BasicBarEntry.swift */ = {isa = PBXFileReference; fileEncoding = 4; lastKnownFileType = sourcecode.swift; path = BasicBarEntry.swift; sourceTree = "<group>"; };
		BADB8B33238973970084B841 /* BasicBarChart.swift */ = {isa = PBXFileReference; fileEncoding = 4; lastKnownFileType = sourcecode.swift; path = BasicBarChart.swift; sourceTree = "<group>"; };
		BADB8B37238973A20084B841 /* LICENSE */ = {isa = PBXFileReference; fileEncoding = 4; lastKnownFileType = text; path = LICENSE; sourceTree = "<group>"; };
		BADB8B3A2389983E0084B841 /* rates.json */ = {isa = PBXFileReference; fileEncoding = 4; lastKnownFileType = text.json; path = rates.json; sourceTree = "<group>"; };
		BADB8B3C23899F3F0084B841 /* ConverterRepositoryTests.swift */ = {isa = PBXFileReference; lastKnownFileType = sourcecode.swift; path = ConverterRepositoryTests.swift; sourceTree = "<group>"; };
		BADB8B3E2389A1C10084B841 /* CurrencyConverterPresenterTest.swift */ = {isa = PBXFileReference; lastKnownFileType = sourcecode.swift; path = CurrencyConverterPresenterTest.swift; sourceTree = "<group>"; };
		BADB8B412389A2500084B841 /* MockCurrencyConverterPresenterDelegate.swift */ = {isa = PBXFileReference; lastKnownFileType = sourcecode.swift; path = MockCurrencyConverterPresenterDelegate.swift; sourceTree = "<group>"; };
		BADB8B432389A5D40084B841 /* CurrencyRate.swift */ = {isa = PBXFileReference; lastKnownFileType = sourcecode.swift; path = CurrencyRate.swift; sourceTree = "<group>"; };
/* End PBXFileReference section */

/* Begin PBXFrameworksBuildPhase section */
		BA5677ED23882E00009ACD44 /* Frameworks */ = {
			isa = PBXFrameworksBuildPhase;
			buildActionMask = 2147483647;
			files = (
			);
			runOnlyForDeploymentPostprocessing = 0;
		};
		BA56780623882E04009ACD44 /* Frameworks */ = {
			isa = PBXFrameworksBuildPhase;
			buildActionMask = 2147483647;
			files = (
			);
			runOnlyForDeploymentPostprocessing = 0;
		};
/* End PBXFrameworksBuildPhase section */

/* Begin PBXGroup section */
		419CBBA123CFF00F00838783 /* Frameworks */ = {
			isa = PBXGroup;
			children = (
				419CBBA223CFF00F00838783 /* Intents.framework */,
				419CBBA323CFF00F00838783 /* IntentsUI.framework */,
			);
			name = Frameworks;
			sourceTree = "<group>";
		};
		419CBBA623CFF06000838783 /* Siri+Intents */ = {
			isa = PBXGroup;
			children = (
				419CBBA723CFF07400838783 /* Intents.intentdefinition */,
			);
			path = "Siri+Intents";
			sourceTree = "<group>";
		};
		BA44EC3823882F02007F247A /* Utils */ = {
			isa = PBXGroup;
			children = (
				419CBBA623CFF06000838783 /* Siri+Intents */,
				BADB8B1C238972FC0084B841 /* ThirdParty */,
				BA44EC4523884A4E007F247A /* Constants.swift */,
				BA5677FC23882E00009ACD44 /* CurrencyConverter.xcdatamodeld */,
				BA44EC3F2388380C007F247A /* Extensions */,
				BADB8B1A238969A30084B841 /* Localizable.strings */,
			);
			path = Utils;
			sourceTree = "<group>";
		};
		BA44EC3B23882F60007F247A /* App */ = {
			isa = PBXGroup;
			children = (
				BA5677F323882E00009ACD44 /* AppDelegate.swift */,
				BA56780123882E04009ACD44 /* LaunchScreen.storyboard */,
				BA56780423882E04009ACD44 /* Info.plist */,
			);
			path = App;
			sourceTree = "<group>";
		};
		BA44EC3C23883055007F247A /* Controllers */ = {
			isa = PBXGroup;
			children = (
				BA44EC5523885BF2007F247A /* Main */,
				BA44EC5623885C09007F247A /* Base */,
			);
			path = Controllers;
			sourceTree = "<group>";
		};
		BA44EC3E2388307B007F247A /* Resources */ = {
			isa = PBXGroup;
			children = (
				BA5677FF23882E04009ACD44 /* Assets.xcassets */,
			);
			path = Resources;
			sourceTree = "<group>";
		};
		BA44EC3F2388380C007F247A /* Extensions */ = {
			isa = PBXGroup;
			children = (
				BA44EC4023883827007F247A /* ViewController+Extensions.swift */,
				BA44EC4C23884DFA007F247A /* Date+Extensions.swift */,
			);
			path = Extensions;
			sourceTree = "<group>";
		};
		BA44EC42238847C7007F247A /* Models */ = {
			isa = PBXGroup;
			children = (
				BA44EC4E23884ED8007F247A /* Errors.swift */,
				BA44EC43238847D3007F247A /* Rates.swift */,
				BA44EC4A23884B79007F247A /* RatesResponse.swift */,
				BADB8B432389A5D40084B841 /* CurrencyRate.swift */,
			);
			path = Models;
			sourceTree = "<group>";
		};
		BA44EC4723884B21007F247A /* Repository */ = {
			isa = PBXGroup;
			children = (
				BA44EC4823884B37007F247A /* ConverterRepository.swift */,
			);
			path = Repository;
			sourceTree = "<group>";
		};
		BA44EC50238859EF007F247A /* Presenter */ = {
			isa = PBXGroup;
			children = (
				BA44EC5123885A02007F247A /* CurrencyConverterPresenter.swift */,
			);
			path = Presenter;
			sourceTree = "<group>";
		};
		BA44EC5523885BF2007F247A /* Main */ = {
			isa = PBXGroup;
			children = (
				BA44EC5323885A82007F247A /* CurrencyConvernterViewController.swift */,
				BADB8B18238968830084B841 /* CurrencyConverterView.swift */,
			);
			path = Main;
			sourceTree = "<group>";
		};
		BA44EC5623885C09007F247A /* Base */ = {
			isa = PBXGroup;
			children = (
				BA5677F723882E00009ACD44 /* BaseViewController.swift */,
			);
			path = Base;
			sourceTree = "<group>";
		};
		BA5677E723882E00009ACD44 = {
			isa = PBXGroup;
			children = (
				BA5677F223882E00009ACD44 /* CurrencyConverter */,
				BA56780C23882E04009ACD44 /* CurrencyConverterTests */,
				BA5677F123882E00009ACD44 /* Products */,
				419CBBA123CFF00F00838783 /* Frameworks */,
			);
			sourceTree = "<group>";
		};
		BA5677F123882E00009ACD44 /* Products */ = {
			isa = PBXGroup;
			children = (
				BA5677F023882E00009ACD44 /* CurrencyConverter.app */,
				BA56780923882E04009ACD44 /* CurrencyConverterTests.xctest */,
			);
			name = Products;
			sourceTree = "<group>";
		};
		BA5677F223882E00009ACD44 /* CurrencyConverter */ = {
			isa = PBXGroup;
			children = (
				419CBBA023CFEF4B00838783 /* CurrencyConverter.entitlements */,
				BA44EC3B23882F60007F247A /* App */,
				BA44EC3C23883055007F247A /* Controllers */,
				BA44EC42238847C7007F247A /* Models */,
				BA44EC50238859EF007F247A /* Presenter */,
				BA44EC4723884B21007F247A /* Repository */,
				BA44EC3E2388307B007F247A /* Resources */,
				BA44EC3823882F02007F247A /* Utils */,
			);
			path = CurrencyConverter;
			sourceTree = "<group>";
		};
		BA56780C23882E04009ACD44 /* CurrencyConverterTests */ = {
			isa = PBXGroup;
			children = (
				BADB8B402389A2460084B841 /* Helpers */,
				BADB8B392389982B0084B841 /* Sources */,
				BA56780D23882E04009ACD44 /* RatesResponseTests.swift */,
				BA56780F23882E04009ACD44 /* Info.plist */,
				BADB8B3C23899F3F0084B841 /* ConverterRepositoryTests.swift */,
				BADB8B3E2389A1C10084B841 /* CurrencyConverterPresenterTest.swift */,
			);
			path = CurrencyConverterTests;
			sourceTree = "<group>";
		};
		BADB8B1C238972FC0084B841 /* ThirdParty */ = {
			isa = PBXGroup;
			children = (
				BADB8B1D2389733D0084B841 /* BarChart */,
			);
			path = ThirdParty;
			sourceTree = "<group>";
		};
		BADB8B1D2389733D0084B841 /* BarChart */ = {
			isa = PBXGroup;
			children = (
				BADB8B37238973A20084B841 /* LICENSE */,
				BADB8B30238973880084B841 /* BasicBarChart */,
				BADB8B29238973710084B841 /* BeautifulChart */,
				BADB8B1E2389734A0084B841 /* Shared */,
			);
			path = BarChart;
			sourceTree = "<group>";
		};
		BADB8B1E2389734A0084B841 /* Shared */ = {
			isa = PBXGroup;
			children = (
				BADB8B1F2389736B0084B841 /* ArrayExtension.swift */,
				BADB8B232389736C0084B841 /* CALayerExtension.swift */,
				BADB8B222389736C0084B841 /* CustomSegments.swift */,
				BADB8B202389736B0084B841 /* DataEntry.swift */,
				BADB8B212389736C0084B841 /* UIBezierPathExtension.swift */,
			);
			path = Shared;
			sourceTree = "<group>";
		};
		BADB8B29238973710084B841 /* BeautifulChart */ = {
			isa = PBXGroup;
			children = (
				BADB8B2C238973820084B841 /* BeautifulBarChart.swift */,
				BADB8B2A238973820084B841 /* BeautifulBarChartPresenter.swift */,
				BADB8B2B238973820084B841 /* BeautifulBarEntry.swift */,
			);
			path = BeautifulChart;
			sourceTree = "<group>";
		};
		BADB8B30238973880084B841 /* BasicBarChart */ = {
			isa = PBXGroup;
			children = (
				BADB8B33238973970084B841 /* BasicBarChart.swift */,
				BADB8B31238973970084B841 /* BasicBarChartPresenter.swift */,
				BADB8B32238973970084B841 /* BasicBarEntry.swift */,
			);
			path = BasicBarChart;
			sourceTree = "<group>";
		};
		BADB8B392389982B0084B841 /* Sources */ = {
			isa = PBXGroup;
			children = (
				BADB8B3A2389983E0084B841 /* rates.json */,
			);
			path = Sources;
			sourceTree = "<group>";
		};
		BADB8B402389A2460084B841 /* Helpers */ = {
			isa = PBXGroup;
			children = (
				BADB8B412389A2500084B841 /* MockCurrencyConverterPresenterDelegate.swift */,
			);
			path = Helpers;
			sourceTree = "<group>";
		};
/* End PBXGroup section */

/* Begin PBXNativeTarget section */
		BA5677EF23882E00009ACD44 /* CurrencyConverter */ = {
			isa = PBXNativeTarget;
			buildConfigurationList = BA56781223882E04009ACD44 /* Build configuration list for PBXNativeTarget "CurrencyConverter" */;
			buildPhases = (
				BA5677EC23882E00009ACD44 /* Sources */,
				BA5677ED23882E00009ACD44 /* Frameworks */,
				BA5677EE23882E00009ACD44 /* Resources */,
			);
			buildRules = (
			);
			dependencies = (
			);
			name = CurrencyConverter;
			productName = CurrencyConverter;
			productReference = BA5677F023882E00009ACD44 /* CurrencyConverter.app */;
			productType = "com.apple.product-type.application";
		};
		BA56780823882E04009ACD44 /* CurrencyConverterTests */ = {
			isa = PBXNativeTarget;
			buildConfigurationList = BA56781523882E04009ACD44 /* Build configuration list for PBXNativeTarget "CurrencyConverterTests" */;
			buildPhases = (
				BA56780523882E04009ACD44 /* Sources */,
				BA56780623882E04009ACD44 /* Frameworks */,
				BA56780723882E04009ACD44 /* Resources */,
			);
			buildRules = (
			);
			dependencies = (
				BA56780B23882E04009ACD44 /* PBXTargetDependency */,
			);
			name = CurrencyConverterTests;
			productName = CurrencyConverterTests;
			productReference = BA56780923882E04009ACD44 /* CurrencyConverterTests.xctest */;
			productType = "com.apple.product-type.bundle.unit-test";
		};
/* End PBXNativeTarget section */

/* Begin PBXProject section */
		BA5677E823882E00009ACD44 /* Project object */ = {
			isa = PBXProject;
			attributes = {
				LastSwiftUpdateCheck = 1120;
				LastUpgradeCheck = 1120;
				ORGANIZATIONNAME = "Andres Rojas";
				TargetAttributes = {
					BA5677EF23882E00009ACD44 = {
						CreatedOnToolsVersion = 11.2.1;
					};
					BA56780823882E04009ACD44 = {
						CreatedOnToolsVersion = 11.2.1;
						TestTargetID = BA5677EF23882E00009ACD44;
					};
				};
			};
			buildConfigurationList = BA5677EB23882E00009ACD44 /* Build configuration list for PBXProject "CurrencyConverter" */;
			compatibilityVersion = "Xcode 9.3";
			developmentRegion = en;
			hasScannedForEncodings = 0;
			knownRegions = (
				en,
				Base,
			);
			mainGroup = BA5677E723882E00009ACD44;
			productRefGroup = BA5677F123882E00009ACD44 /* Products */;
			projectDirPath = "";
			projectRoot = "";
			targets = (
				BA5677EF23882E00009ACD44 /* CurrencyConverter */,
				BA56780823882E04009ACD44 /* CurrencyConverterTests */,
			);
		};
/* End PBXProject section */

/* Begin PBXResourcesBuildPhase section */
		BA5677EE23882E00009ACD44 /* Resources */ = {
			isa = PBXResourcesBuildPhase;
			buildActionMask = 2147483647;
			files = (
				BA56780323882E04009ACD44 /* LaunchScreen.storyboard in Resources */,
				BA56780023882E04009ACD44 /* Assets.xcassets in Resources */,
				BADB8B38238973A20084B841 /* LICENSE in Resources */,
				BADB8B1B238969A30084B841 /* Localizable.strings in Resources */,
			);
			runOnlyForDeploymentPostprocessing = 0;
		};
		BA56780723882E04009ACD44 /* Resources */ = {
			isa = PBXResourcesBuildPhase;
			buildActionMask = 2147483647;
			files = (
				BADB8B3B2389983E0084B841 /* rates.json in Resources */,
			);
			runOnlyForDeploymentPostprocessing = 0;
		};
/* End PBXResourcesBuildPhase section */

/* Begin PBXSourcesBuildPhase section */
		BA5677EC23882E00009ACD44 /* Sources */ = {
			isa = PBXSourcesBuildPhase;
			buildActionMask = 2147483647;
			files = (
				BA44EC4123883827007F247A /* ViewController+Extensions.swift in Sources */,
				BA44EC44238847D3007F247A /* Rates.swift in Sources */,
				BADB8B19238968830084B841 /* CurrencyConverterView.swift in Sources */,
				BADB8B35238973970084B841 /* BasicBarEntry.swift in Sources */,
				BA44EC5223885A02007F247A /* CurrencyConverterPresenter.swift in Sources */,
				BA44EC5423885A82007F247A /* CurrencyConvernterViewController.swift in Sources */,
				BA44EC4D23884DFA007F247A /* Date+Extensions.swift in Sources */,
				BADB8B36238973970084B841 /* BasicBarChart.swift in Sources */,
				BADB8B252389736C0084B841 /* DataEntry.swift in Sources */,
				BA5677F823882E00009ACD44 /* BaseViewController.swift in Sources */,
				BA5677FE23882E00009ACD44 /* CurrencyConverter.xcdatamodeld in Sources */,
				BA44EC4B23884B79007F247A /* RatesResponse.swift in Sources */,
				BA44EC4F23884ED8007F247A /* Errors.swift in Sources */,
				BA5677F423882E00009ACD44 /* AppDelegate.swift in Sources */,
				BADB8B272389736C0084B841 /* CustomSegments.swift in Sources */,
				BADB8B242389736C0084B841 /* ArrayExtension.swift in Sources */,
				BADB8B34238973970084B841 /* BasicBarChartPresenter.swift in Sources */,
				BADB8B2E238973820084B841 /* BeautifulBarEntry.swift in Sources */,
				BA44EC4623884A4E007F247A /* Constants.swift in Sources */,
				BADB8B442389A5D40084B841 /* CurrencyRate.swift in Sources */,
				BADB8B282389736C0084B841 /* CALayerExtension.swift in Sources */,
				BA44EC4923884B37007F247A /* ConverterRepository.swift in Sources */,
				BADB8B2D238973820084B841 /* BeautifulBarChartPresenter.swift in Sources */,
				BADB8B2F238973820084B841 /* BeautifulBarChart.swift in Sources */,
				419CBBA823CFF07400838783 /* Intents.intentdefinition in Sources */,
				BADB8B262389736C0084B841 /* UIBezierPathExtension.swift in Sources */,
			);
			runOnlyForDeploymentPostprocessing = 0;
		};
		BA56780523882E04009ACD44 /* Sources */ = {
			isa = PBXSourcesBuildPhase;
			buildActionMask = 2147483647;
			files = (
				BADB8B3F2389A1C10084B841 /* CurrencyConverterPresenterTest.swift in Sources */,
				BADB8B422389A2500084B841 /* MockCurrencyConverterPresenterDelegate.swift in Sources */,
				BA56780E23882E04009ACD44 /* RatesResponseTests.swift in Sources */,
				BADB8B3D23899F3F0084B841 /* ConverterRepositoryTests.swift in Sources */,
			);
			runOnlyForDeploymentPostprocessing = 0;
		};
/* End PBXSourcesBuildPhase section */

/* Begin PBXTargetDependency section */
		BA56780B23882E04009ACD44 /* PBXTargetDependency */ = {
			isa = PBXTargetDependency;
			target = BA5677EF23882E00009ACD44 /* CurrencyConverter */;
			targetProxy = BA56780A23882E04009ACD44 /* PBXContainerItemProxy */;
		};
/* End PBXTargetDependency section */

/* Begin PBXVariantGroup section */
		BA56780123882E04009ACD44 /* LaunchScreen.storyboard */ = {
			isa = PBXVariantGroup;
			children = (
				BA56780223882E04009ACD44 /* Base */,
			);
			name = LaunchScreen.storyboard;
			sourceTree = "<group>";
		};
/* End PBXVariantGroup section */

/* Begin XCBuildConfiguration section */
		BA56781023882E04009ACD44 /* Debug */ = {
			isa = XCBuildConfiguration;
			buildSettings = {
				ALWAYS_SEARCH_USER_PATHS = NO;
				CLANG_ANALYZER_NONNULL = YES;
				CLANG_ANALYZER_NUMBER_OBJECT_CONVERSION = YES_AGGRESSIVE;
				CLANG_CXX_LANGUAGE_STANDARD = "gnu++14";
				CLANG_CXX_LIBRARY = "libc++";
				CLANG_ENABLE_MODULES = YES;
				CLANG_ENABLE_OBJC_ARC = YES;
				CLANG_ENABLE_OBJC_WEAK = YES;
				CLANG_WARN_BLOCK_CAPTURE_AUTORELEASING = YES;
				CLANG_WARN_BOOL_CONVERSION = YES;
				CLANG_WARN_COMMA = YES;
				CLANG_WARN_CONSTANT_CONVERSION = YES;
				CLANG_WARN_DEPRECATED_OBJC_IMPLEMENTATIONS = YES;
				CLANG_WARN_DIRECT_OBJC_ISA_USAGE = YES_ERROR;
				CLANG_WARN_DOCUMENTATION_COMMENTS = YES;
				CLANG_WARN_EMPTY_BODY = YES;
				CLANG_WARN_ENUM_CONVERSION = YES;
				CLANG_WARN_INFINITE_RECURSION = YES;
				CLANG_WARN_INT_CONVERSION = YES;
				CLANG_WARN_NON_LITERAL_NULL_CONVERSION = YES;
				CLANG_WARN_OBJC_IMPLICIT_RETAIN_SELF = YES;
				CLANG_WARN_OBJC_LITERAL_CONVERSION = YES;
				CLANG_WARN_OBJC_ROOT_CLASS = YES_ERROR;
				CLANG_WARN_RANGE_LOOP_ANALYSIS = YES;
				CLANG_WARN_STRICT_PROTOTYPES = YES;
				CLANG_WARN_SUSPICIOUS_MOVE = YES;
				CLANG_WARN_UNGUARDED_AVAILABILITY = YES_AGGRESSIVE;
				CLANG_WARN_UNREACHABLE_CODE = YES;
				CLANG_WARN__DUPLICATE_METHOD_MATCH = YES;
				COPY_PHASE_STRIP = NO;
				DEBUG_INFORMATION_FORMAT = dwarf;
				ENABLE_STRICT_OBJC_MSGSEND = YES;
				ENABLE_TESTABILITY = YES;
				GCC_C_LANGUAGE_STANDARD = gnu11;
				GCC_DYNAMIC_NO_PIC = NO;
				GCC_NO_COMMON_BLOCKS = YES;
				GCC_OPTIMIZATION_LEVEL = 0;
				GCC_PREPROCESSOR_DEFINITIONS = (
					"DEBUG=1",
					"$(inherited)",
				);
				GCC_WARN_64_TO_32_BIT_CONVERSION = YES;
				GCC_WARN_ABOUT_RETURN_TYPE = YES_ERROR;
				GCC_WARN_UNDECLARED_SELECTOR = YES;
				GCC_WARN_UNINITIALIZED_AUTOS = YES_AGGRESSIVE;
				GCC_WARN_UNUSED_FUNCTION = YES;
				GCC_WARN_UNUSED_VARIABLE = YES;
				IPHONEOS_DEPLOYMENT_TARGET = 13.2;
				MTL_ENABLE_DEBUG_INFO = INCLUDE_SOURCE;
				MTL_FAST_MATH = YES;
				ONLY_ACTIVE_ARCH = YES;
				SDKROOT = iphoneos;
				SWIFT_ACTIVE_COMPILATION_CONDITIONS = DEBUG;
				SWIFT_OPTIMIZATION_LEVEL = "-Onone";
				SWIFT_VERSION = 5.0;
			};
			name = Debug;
		};
		BA56781123882E04009ACD44 /* Release */ = {
			isa = XCBuildConfiguration;
			buildSettings = {
				ALWAYS_SEARCH_USER_PATHS = NO;
				CLANG_ANALYZER_NONNULL = YES;
				CLANG_ANALYZER_NUMBER_OBJECT_CONVERSION = YES_AGGRESSIVE;
				CLANG_CXX_LANGUAGE_STANDARD = "gnu++14";
				CLANG_CXX_LIBRARY = "libc++";
				CLANG_ENABLE_MODULES = YES;
				CLANG_ENABLE_OBJC_ARC = YES;
				CLANG_ENABLE_OBJC_WEAK = YES;
				CLANG_WARN_BLOCK_CAPTURE_AUTORELEASING = YES;
				CLANG_WARN_BOOL_CONVERSION = YES;
				CLANG_WARN_COMMA = YES;
				CLANG_WARN_CONSTANT_CONVERSION = YES;
				CLANG_WARN_DEPRECATED_OBJC_IMPLEMENTATIONS = YES;
				CLANG_WARN_DIRECT_OBJC_ISA_USAGE = YES_ERROR;
				CLANG_WARN_DOCUMENTATION_COMMENTS = YES;
				CLANG_WARN_EMPTY_BODY = YES;
				CLANG_WARN_ENUM_CONVERSION = YES;
				CLANG_WARN_INFINITE_RECURSION = YES;
				CLANG_WARN_INT_CONVERSION = YES;
				CLANG_WARN_NON_LITERAL_NULL_CONVERSION = YES;
				CLANG_WARN_OBJC_IMPLICIT_RETAIN_SELF = YES;
				CLANG_WARN_OBJC_LITERAL_CONVERSION = YES;
				CLANG_WARN_OBJC_ROOT_CLASS = YES_ERROR;
				CLANG_WARN_RANGE_LOOP_ANALYSIS = YES;
				CLANG_WARN_STRICT_PROTOTYPES = YES;
				CLANG_WARN_SUSPICIOUS_MOVE = YES;
				CLANG_WARN_UNGUARDED_AVAILABILITY = YES_AGGRESSIVE;
				CLANG_WARN_UNREACHABLE_CODE = YES;
				CLANG_WARN__DUPLICATE_METHOD_MATCH = YES;
				COPY_PHASE_STRIP = NO;
				DEBUG_INFORMATION_FORMAT = "dwarf-with-dsym";
				ENABLE_NS_ASSERTIONS = NO;
				ENABLE_STRICT_OBJC_MSGSEND = YES;
				GCC_C_LANGUAGE_STANDARD = gnu11;
				GCC_NO_COMMON_BLOCKS = YES;
				GCC_WARN_64_TO_32_BIT_CONVERSION = YES;
				GCC_WARN_ABOUT_RETURN_TYPE = YES_ERROR;
				GCC_WARN_UNDECLARED_SELECTOR = YES;
				GCC_WARN_UNINITIALIZED_AUTOS = YES_AGGRESSIVE;
				GCC_WARN_UNUSED_FUNCTION = YES;
				GCC_WARN_UNUSED_VARIABLE = YES;
				IPHONEOS_DEPLOYMENT_TARGET = 13.2;
				MTL_ENABLE_DEBUG_INFO = NO;
				MTL_FAST_MATH = YES;
				SDKROOT = iphoneos;
				SWIFT_COMPILATION_MODE = wholemodule;
				SWIFT_OPTIMIZATION_LEVEL = "-O";
				SWIFT_VERSION = 5.0;
				VALIDATE_PRODUCT = YES;
			};
			name = Release;
		};
		BA56781323882E04009ACD44 /* Debug */ = {
			isa = XCBuildConfiguration;
			buildSettings = {
				ASSETCATALOG_COMPILER_APPICON_NAME = AppIcon;
				CODE_SIGN_ENTITLEMENTS = CurrencyConverter/CurrencyConverter.entitlements;
				CODE_SIGN_STYLE = Automatic;
				DEVELOPMENT_TEAM = 47WD53H47N;
				INFOPLIST_FILE = "$(SRCROOT)/CurrencyConverter/App/Info.plist";
				IPHONEOS_DEPLOYMENT_TARGET = 12.0;
				LD_RUNPATH_SEARCH_PATHS = (
					"$(inherited)",
					"@executable_path/Frameworks",
				);
				PRODUCT_BUNDLE_IDENTIFIER = com.andresrojas.CurrencyConverter;
				PRODUCT_NAME = "$(TARGET_NAME)";
				SWIFT_VERSION = 5.0;
				TARGETED_DEVICE_FAMILY = "1,2";
			};
			name = Debug;
		};
		BA56781423882E04009ACD44 /* Release */ = {
			isa = XCBuildConfiguration;
			buildSettings = {
				ASSETCATALOG_COMPILER_APPICON_NAME = AppIcon;
				CODE_SIGN_ENTITLEMENTS = CurrencyConverter/CurrencyConverter.entitlements;
				CODE_SIGN_STYLE = Automatic;
				DEVELOPMENT_TEAM = 47WD53H47N;
				INFOPLIST_FILE = "$(SRCROOT)/CurrencyConverter/App/Info.plist";
				IPHONEOS_DEPLOYMENT_TARGET = 12.0;
				LD_RUNPATH_SEARCH_PATHS = (
					"$(inherited)",
					"@executable_path/Frameworks",
				);
				PRODUCT_BUNDLE_IDENTIFIER = com.andresrojas.CurrencyConverter;
				PRODUCT_NAME = "$(TARGET_NAME)";
				SWIFT_VERSION = 5.0;
				TARGETED_DEVICE_FAMILY = "1,2";
			};
			name = Release;
		};
		BA56781623882E04009ACD44 /* Debug */ = {
			isa = XCBuildConfiguration;
			buildSettings = {
				ALWAYS_EMBED_SWIFT_STANDARD_LIBRARIES = YES;
				BUNDLE_LOADER = "$(TEST_HOST)";
				CODE_SIGN_STYLE = Automatic;
				DEVELOPMENT_TEAM = KL5CTQ2N5S;
				INFOPLIST_FILE = CurrencyConverterTests/Info.plist;
				IPHONEOS_DEPLOYMENT_TARGET = 13.2;
				LD_RUNPATH_SEARCH_PATHS = (
					"$(inherited)",
					"@executable_path/Frameworks",
					"@loader_path/Frameworks",
				);
				PRODUCT_BUNDLE_IDENTIFIER = com.andres.rojas.CurrencyConverterTests;
				PRODUCT_NAME = "$(TARGET_NAME)";
				SWIFT_VERSION = 5.0;
				TARGETED_DEVICE_FAMILY = "1,2";
				TEST_HOST = "$(BUILT_PRODUCTS_DIR)/CurrencyConverter.app/CurrencyConverter";
			};
			name = Debug;
		};
		BA56781723882E04009ACD44 /* Release */ = {
			isa = XCBuildConfiguration;
			buildSettings = {
				ALWAYS_EMBED_SWIFT_STANDARD_LIBRARIES = YES;
				BUNDLE_LOADER = "$(TEST_HOST)";
				CODE_SIGN_STYLE = Automatic;
				DEVELOPMENT_TEAM = KL5CTQ2N5S;
				INFOPLIST_FILE = CurrencyConverterTests/Info.plist;
				IPHONEOS_DEPLOYMENT_TARGET = 13.2;
				LD_RUNPATH_SEARCH_PATHS = (
					"$(inherited)",
					"@executable_path/Frameworks",
					"@loader_path/Frameworks",
				);
				PRODUCT_BUNDLE_IDENTIFIER = com.andres.rojas.CurrencyConverterTests;
				PRODUCT_NAME = "$(TARGET_NAME)";
				SWIFT_VERSION = 5.0;
				TARGETED_DEVICE_FAMILY = "1,2";
				TEST_HOST = "$(BUILT_PRODUCTS_DIR)/CurrencyConverter.app/CurrencyConverter";
			};
			name = Release;
		};
/* End XCBuildConfiguration section */

/* Begin XCConfigurationList section */
		BA5677EB23882E00009ACD44 /* Build configuration list for PBXProject "CurrencyConverter" */ = {
			isa = XCConfigurationList;
			buildConfigurations = (
				BA56781023882E04009ACD44 /* Debug */,
				BA56781123882E04009ACD44 /* Release */,
			);
			defaultConfigurationIsVisible = 0;
			defaultConfigurationName = Release;
		};
		BA56781223882E04009ACD44 /* Build configuration list for PBXNativeTarget "CurrencyConverter" */ = {
			isa = XCConfigurationList;
			buildConfigurations = (
				BA56781323882E04009ACD44 /* Debug */,
				BA56781423882E04009ACD44 /* Release */,
			);
			defaultConfigurationIsVisible = 0;
			defaultConfigurationName = Release;
		};
		BA56781523882E04009ACD44 /* Build configuration list for PBXNativeTarget "CurrencyConverterTests" */ = {
			isa = XCConfigurationList;
			buildConfigurations = (
				BA56781623882E04009ACD44 /* Debug */,
				BA56781723882E04009ACD44 /* Release */,
			);
			defaultConfigurationIsVisible = 0;
			defaultConfigurationName = Release;
		};
/* End XCConfigurationList section */

/* Begin XCVersionGroup section */
		BA5677FC23882E00009ACD44 /* CurrencyConverter.xcdatamodeld */ = {
			isa = XCVersionGroup;
			children = (
				BA5677FD23882E00009ACD44 /* CurrencyConverter.xcdatamodel */,
			);
			currentVersion = BA5677FD23882E00009ACD44 /* CurrencyConverter.xcdatamodel */;
			path = CurrencyConverter.xcdatamodeld;
			sourceTree = "<group>";
			versionGroupType = wrapper.xcdatamodel;
		};
/* End XCVersionGroup section */
	};
	rootObject = BA5677E823882E00009ACD44 /* Project object */;
}
